
Microsoft Visual Studio Solution File, Format Version 12.00
# Visual Studio Version 16
VisualStudioVersion = 16.0.34601.136
MinimumVisualStudioVersion = 10.0.40219.1
Project("{FAE04EC0-301F-11D3-BF4B-00C04F79EFBC}") = "MatricularAlunos", "MatricularAlunos.csproj", "{88ADDC03-AA14-4A78-89D3-B1F859E100DE}"
EndProject
Global
	GlobalSection(SolutionConfigurationPlatforms) = preSolution
		Debug|Any CPU = Debug|Any CPU
		Release|Any CPU = Release|Any CPU
	EndGlobalSection
	GlobalSection(ProjectConfigurationPlatforms) = postSolution
		{88ADDC03-AA14-4A78-89D3-B1F859E100DE}.Debug|Any CPU.ActiveCfg = Debug|Any CPU
		{88ADDC03-AA14-4A78-89D3-B1F859E100DE}.Debug|Any CPU.Build.0 = Debug|Any CPU
		{88ADDC03-AA14-4A78-89D3-B1F859E100DE}.Release|Any CPU.ActiveCfg = Release|Any CPU
		{88ADDC03-AA14-4A78-89D3-B1F859E100DE}.Release|Any CPU.Build.0 = Release|Any CPU
	EndGlobalSection
	GlobalSection(SolutionProperties) = preSolution
		HideSolutionNode = FALSE
	EndGlobalSection
	GlobalSection(ExtensibilityGlobals) = postSolution
		SolutionGuid = {45D2BA48-C8E6-4260-9CEC-B30B5B323DD5}
	EndGlobalSection
EndGlobal
